// !$*UTF8*$!
{
	archiveVersion = 1;
	classes = {
	};
	objectVersion = 50;
	objects = {

/* Begin PBXBuildFile section */
		630A5B7E768CAC1F911BEE75 /* Pods_Smack.framework in Frameworks */ = {isa = PBXBuildFile; fileRef = AE5F09E6027338306FCF440C /* Pods_Smack.framework */; };
		F916927E212AD72F003C9AEE /* AuthService.swift in Sources */ = {isa = PBXBuildFile; fileRef = F916927D212AD72F003C9AEE /* AuthService.swift */; };
		F9169280212AE705003C9AEE /* RoundedButton.swift in Sources */ = {isa = PBXBuildFile; fileRef = F916927F212AE705003C9AEE /* RoundedButton.swift */; };
		F9169282212B0A7E003C9AEE /* UserDataService.swift in Sources */ = {isa = PBXBuildFile; fileRef = F9169281212B0A7E003C9AEE /* UserDataService.swift */; };
		F94839C4213033C600F6B784 /* Message.swift in Sources */ = {isa = PBXBuildFile; fileRef = F94839C3213033C600F6B784 /* Message.swift */; };
		F94839C6213044D500F6B784 /* KeyboardBoundView.swift in Sources */ = {isa = PBXBuildFile; fileRef = F94839C5213044D500F6B784 /* KeyboardBoundView.swift */; };
		F94839C8213051BB00F6B784 /* MessageTableViewCell.swift in Sources */ = {isa = PBXBuildFile; fileRef = F94839C7213051BB00F6B784 /* MessageTableViewCell.swift */; };
		F94D6F3A2128B2F900E6E3AB /* Constants.swift in Sources */ = {isa = PBXBuildFile; fileRef = F94D6F392128B2F900E6E3AB /* Constants.swift */; };
		F94D6F3C2128B86C00E6E3AB /* LoginViewController.swift in Sources */ = {isa = PBXBuildFile; fileRef = F94D6F3B2128B86C00E6E3AB /* LoginViewController.swift */; };
		F94D6F3E2128C59A00E6E3AB /* CreateAccountViewController.swift in Sources */ = {isa = PBXBuildFile; fileRef = F94D6F3D2128C59A00E6E3AB /* CreateAccountViewController.swift */; };
		F953D7F22126CD63000F72C6 /* AppDelegate.swift in Sources */ = {isa = PBXBuildFile; fileRef = F953D7F12126CD63000F72C6 /* AppDelegate.swift */; };
		F953D7F72126CD63000F72C6 /* Main.storyboard in Resources */ = {isa = PBXBuildFile; fileRef = F953D7F52126CD63000F72C6 /* Main.storyboard */; };
		F953D7F92126CD65000F72C6 /* Assets.xcassets in Resources */ = {isa = PBXBuildFile; fileRef = F953D7F82126CD65000F72C6 /* Assets.xcassets */; };
		F953D7FC2126CD65000F72C6 /* LaunchScreen.storyboard in Resources */ = {isa = PBXBuildFile; fileRef = F953D7FA2126CD65000F72C6 /* LaunchScreen.storyboard */; };
		F953D8072126D1E0000F72C6 /* SWRevealViewController.m in Sources */ = {isa = PBXBuildFile; fileRef = F953D8052126D1E0000F72C6 /* SWRevealViewController.m */; };
		F955D4AA212C06C9005B3EC6 /* AvatarPickerVC.swift in Sources */ = {isa = PBXBuildFile; fileRef = F955D4A9212C06C9005B3EC6 /* AvatarPickerVC.swift */; };
		F955D4AC212C1813005B3EC6 /* AvatarCollectionViewCell.swift in Sources */ = {isa = PBXBuildFile; fileRef = F955D4AB212C1813005B3EC6 /* AvatarCollectionViewCell.swift */; };
		F955D4AE212C3871005B3EC6 /* CircleImageView.swift in Sources */ = {isa = PBXBuildFile; fileRef = F955D4AD212C3871005B3EC6 /* CircleImageView.swift */; };
		F9871D19212868F000AD3D6A /* ChatViewController.swift in Sources */ = {isa = PBXBuildFile; fileRef = F9871D18212868F000AD3D6A /* ChatViewController.swift */; };
		F9871D1B2128690400AD3D6A /* ChannelViewController.swift in Sources */ = {isa = PBXBuildFile; fileRef = F9871D1A2128690400AD3D6A /* ChannelViewController.swift */; };
		F9871D1D2128721B00AD3D6A /* GradientView.swift in Sources */ = {isa = PBXBuildFile; fileRef = F9871D1C2128721B00AD3D6A /* GradientView.swift */; };
		F98AEF3F212D6F31003CB529 /* ProfileVC.swift in Sources */ = {isa = PBXBuildFile; fileRef = F98AEF3D212D6F31003CB529 /* ProfileVC.swift */; };
		F98AEF40212D6F31003CB529 /* ProfileVC.xib in Resources */ = {isa = PBXBuildFile; fileRef = F98AEF3E212D6F31003CB529 /* ProfileVC.xib */; };
		F98AEF43212DA361003CB529 /* MessageService.swift in Sources */ = {isa = PBXBuildFile; fileRef = F98AEF42212DA361003CB529 /* MessageService.swift */; };
		F98AEF45212DA508003CB529 /* Channel.swift in Sources */ = {isa = PBXBuildFile; fileRef = F98AEF44212DA508003CB529 /* Channel.swift */; };
		F98AEF47212DBEA1003CB529 /* ChannelTableViewCell.swift in Sources */ = {isa = PBXBuildFile; fileRef = F98AEF46212DBEA1003CB529 /* ChannelTableViewCell.swift */; };
		F98AEF4A212DC384003CB529 /* AddChannelVC.swift in Sources */ = {isa = PBXBuildFile; fileRef = F98AEF48212DC384003CB529 /* AddChannelVC.swift */; };
		F98AEF4B212DC384003CB529 /* AddChannelVC.xib in Resources */ = {isa = PBXBuildFile; fileRef = F98AEF49212DC384003CB529 /* AddChannelVC.xib */; };
		F98AEF4D212DCF3A003CB529 /* SocketService.swift in Sources */ = {isa = PBXBuildFile; fileRef = F98AEF4C212DCF3A003CB529 /* SocketService.swift */; };
/* End PBXBuildFile section */

/* Begin PBXFileReference section */
		A70B4F9554163A00E5EB47CF /* Pods-Smack.debug.xcconfig */ = {isa = PBXFileReference; includeInIndex = 1; lastKnownFileType = text.xcconfig; name = "Pods-Smack.debug.xcconfig"; path = "Pods/Target Support Files/Pods-Smack/Pods-Smack.debug.xcconfig"; sourceTree = "<group>"; };
		A76720AFFF6D025EDB8FC1EB /* Pods-Smack.release.xcconfig */ = {isa = PBXFileReference; includeInIndex = 1; lastKnownFileType = text.xcconfig; name = "Pods-Smack.release.xcconfig"; path = "Pods/Target Support Files/Pods-Smack/Pods-Smack.release.xcconfig"; sourceTree = "<group>"; };
		AE5F09E6027338306FCF440C /* Pods_Smack.framework */ = {isa = PBXFileReference; explicitFileType = wrapper.framework; includeInIndex = 0; path = Pods_Smack.framework; sourceTree = BUILT_PRODUCTS_DIR; };
		F916927D212AD72F003C9AEE /* AuthService.swift */ = {isa = PBXFileReference; lastKnownFileType = sourcecode.swift; path = AuthService.swift; sourceTree = "<group>"; };
		F916927F212AE705003C9AEE /* RoundedButton.swift */ = {isa = PBXFileReference; lastKnownFileType = sourcecode.swift; path = RoundedButton.swift; sourceTree = "<group>"; };
		F9169281212B0A7E003C9AEE /* UserDataService.swift */ = {isa = PBXFileReference; lastKnownFileType = sourcecode.swift; path = UserDataService.swift; sourceTree = "<group>"; };
		F94839C3213033C600F6B784 /* Message.swift */ = {isa = PBXFileReference; lastKnownFileType = sourcecode.swift; path = Message.swift; sourceTree = "<group>"; };
		F94839C5213044D500F6B784 /* KeyboardBoundView.swift */ = {isa = PBXFileReference; fileEncoding = 4; lastKnownFileType = sourcecode.swift; path = KeyboardBoundView.swift; sourceTree = "<group>"; };
		F94839C7213051BB00F6B784 /* MessageTableViewCell.swift */ = {isa = PBXFileReference; lastKnownFileType = sourcecode.swift; path = MessageTableViewCell.swift; sourceTree = "<group>"; };
		F94D6F392128B2F900E6E3AB /* Constants.swift */ = {isa = PBXFileReference; lastKnownFileType = sourcecode.swift; path = Constants.swift; sourceTree = "<group>"; };
		F94D6F3B2128B86C00E6E3AB /* LoginViewController.swift */ = {isa = PBXFileReference; lastKnownFileType = sourcecode.swift; path = LoginViewController.swift; sourceTree = "<group>"; };
		F94D6F3D2128C59A00E6E3AB /* CreateAccountViewController.swift */ = {isa = PBXFileReference; lastKnownFileType = sourcecode.swift; path = CreateAccountViewController.swift; sourceTree = "<group>"; };
		F953D7EE2126CD63000F72C6 /* Smack.app */ = {isa = PBXFileReference; explicitFileType = wrapper.application; includeInIndex = 0; path = Smack.app; sourceTree = BUILT_PRODUCTS_DIR; };
		F953D7F12126CD63000F72C6 /* AppDelegate.swift */ = {isa = PBXFileReference; lastKnownFileType = sourcecode.swift; path = AppDelegate.swift; sourceTree = "<group>"; };
		F953D7F62126CD63000F72C6 /* Base */ = {isa = PBXFileReference; lastKnownFileType = file.storyboard; name = Base; path = Base.lproj/Main.storyboard; sourceTree = "<group>"; };
		F953D7F82126CD65000F72C6 /* Assets.xcassets */ = {isa = PBXFileReference; lastKnownFileType = folder.assetcatalog; path = Assets.xcassets; sourceTree = "<group>"; };
		F953D7FB2126CD65000F72C6 /* Base */ = {isa = PBXFileReference; lastKnownFileType = file.storyboard; name = Base; path = Base.lproj/LaunchScreen.storyboard; sourceTree = "<group>"; };
		F953D7FD2126CD65000F72C6 /* Info.plist */ = {isa = PBXFileReference; lastKnownFileType = text.plist.xml; path = Info.plist; sourceTree = "<group>"; };
		F953D8042126D1DF000F72C6 /* Smack-Bridging-Header.h */ = {isa = PBXFileReference; lastKnownFileType = sourcecode.c.h; path = "Smack-Bridging-Header.h"; sourceTree = "<group>"; };
		F953D8052126D1E0000F72C6 /* SWRevealViewController.m */ = {isa = PBXFileReference; fileEncoding = 4; lastKnownFileType = sourcecode.c.objc; path = SWRevealViewController.m; sourceTree = "<group>"; };
		F953D8062126D1E0000F72C6 /* SWRevealViewController.h */ = {isa = PBXFileReference; fileEncoding = 4; lastKnownFileType = sourcecode.c.h; path = SWRevealViewController.h; sourceTree = "<group>"; };
		F955D4A9212C06C9005B3EC6 /* AvatarPickerVC.swift */ = {isa = PBXFileReference; lastKnownFileType = sourcecode.swift; path = AvatarPickerVC.swift; sourceTree = "<group>"; };
		F955D4AB212C1813005B3EC6 /* AvatarCollectionViewCell.swift */ = {isa = PBXFileReference; lastKnownFileType = sourcecode.swift; path = AvatarCollectionViewCell.swift; sourceTree = "<group>"; };
		F955D4AD212C3871005B3EC6 /* CircleImageView.swift */ = {isa = PBXFileReference; lastKnownFileType = sourcecode.swift; path = CircleImageView.swift; sourceTree = "<group>"; };
		F9871D18212868F000AD3D6A /* ChatViewController.swift */ = {isa = PBXFileReference; lastKnownFileType = sourcecode.swift; path = ChatViewController.swift; sourceTree = "<group>"; };
		F9871D1A2128690400AD3D6A /* ChannelViewController.swift */ = {isa = PBXFileReference; lastKnownFileType = sourcecode.swift; path = ChannelViewController.swift; sourceTree = "<group>"; };
		F9871D1C2128721B00AD3D6A /* GradientView.swift */ = {isa = PBXFileReference; lastKnownFileType = sourcecode.swift; path = GradientView.swift; sourceTree = "<group>"; };
		F98AEF3D212D6F31003CB529 /* ProfileVC.swift */ = {isa = PBXFileReference; lastKnownFileType = sourcecode.swift; path = ProfileVC.swift; sourceTree = "<group>"; };
		F98AEF3E212D6F31003CB529 /* ProfileVC.xib */ = {isa = PBXFileReference; lastKnownFileType = file.xib; path = ProfileVC.xib; sourceTree = "<group>"; };
		F98AEF42212DA361003CB529 /* MessageService.swift */ = {isa = PBXFileReference; lastKnownFileType = sourcecode.swift; path = MessageService.swift; sourceTree = "<group>"; };
		F98AEF44212DA508003CB529 /* Channel.swift */ = {isa = PBXFileReference; lastKnownFileType = sourcecode.swift; path = Channel.swift; sourceTree = "<group>"; };
		F98AEF46212DBEA1003CB529 /* ChannelTableViewCell.swift */ = {isa = PBXFileReference; lastKnownFileType = sourcecode.swift; path = ChannelTableViewCell.swift; sourceTree = "<group>"; };
		F98AEF48212DC384003CB529 /* AddChannelVC.swift */ = {isa = PBXFileReference; lastKnownFileType = sourcecode.swift; path = AddChannelVC.swift; sourceTree = "<group>"; };
		F98AEF49212DC384003CB529 /* AddChannelVC.xib */ = {isa = PBXFileReference; lastKnownFileType = file.xib; path = AddChannelVC.xib; sourceTree = "<group>"; };
		F98AEF4C212DCF3A003CB529 /* SocketService.swift */ = {isa = PBXFileReference; lastKnownFileType = sourcecode.swift; path = SocketService.swift; sourceTree = "<group>"; };
/* End PBXFileReference section */

/* Begin PBXFrameworksBuildPhase section */
		F953D7EB2126CD63000F72C6 /* Frameworks */ = {
			isa = PBXFrameworksBuildPhase;
			buildActionMask = 2147483647;
			files = (
				630A5B7E768CAC1F911BEE75 /* Pods_Smack.framework in Frameworks */,
			);
			runOnlyForDeploymentPostprocessing = 0;
		};
/* End PBXFrameworksBuildPhase section */

/* Begin PBXGroup section */
		D78D97031BF5B073FC838ED1 /* Frameworks */ = {
			isa = PBXGroup;
			children = (
				AE5F09E6027338306FCF440C /* Pods_Smack.framework */,
			);
			name = Frameworks;
			sourceTree = "<group>";
		};
		F916927C212AD714003C9AEE /* Services */ = {
			isa = PBXGroup;
			children = (
				F916927D212AD72F003C9AEE /* AuthService.swift */,
				F9169281212B0A7E003C9AEE /* UserDataService.swift */,
				F98AEF42212DA361003CB529 /* MessageService.swift */,
				F98AEF4C212DCF3A003CB529 /* SocketService.swift */,
			);
			path = Services;
			sourceTree = "<group>";
		};
		F94D6F382128B2D800E6E3AB /* Utilities */ = {
			isa = PBXGroup;
			children = (
				F94D6F392128B2F900E6E3AB /* Constants.swift */,
			);
			path = Utilities;
			sourceTree = "<group>";
		};
		F953D7E52126CD63000F72C6 = {
			isa = PBXGroup;
			children = (
				F953D7F02126CD63000F72C6 /* Smack */,
				F953D7EF2126CD63000F72C6 /* Products */,
				FCC630A98AF059E09F822399 /* Pods */,
				D78D97031BF5B073FC838ED1 /* Frameworks */,
			);
			sourceTree = "<group>";
		};
		F953D7EF2126CD63000F72C6 /* Products */ = {
			isa = PBXGroup;
			children = (
				F953D7EE2126CD63000F72C6 /* Smack.app */,
			);
			name = Products;
			sourceTree = "<group>";
		};
		F953D7F02126CD63000F72C6 /* Smack */ = {
			isa = PBXGroup;
			children = (
				F98AEF41212D6F4F003CB529 /* XIBs */,
				F916927C212AD714003C9AEE /* Services */,
				F94D6F382128B2D800E6E3AB /* Utilities */,
				F9871D17212868DC00AD3D6A /* Model */,
				F9871D16212868D500AD3D6A /* View */,
				F9871D15212868C700AD3D6A /* Controller */,
				F953D8032126D1B2000F72C6 /* Supporting Files */,
				F953D7F12126CD63000F72C6 /* AppDelegate.swift */,
				F953D7F52126CD63000F72C6 /* Main.storyboard */,
				F953D7F82126CD65000F72C6 /* Assets.xcassets */,
				F953D7FA2126CD65000F72C6 /* LaunchScreen.storyboard */,
				F953D7FD2126CD65000F72C6 /* Info.plist */,
			);
			path = Smack;
			sourceTree = "<group>";
		};
		F953D8032126D1B2000F72C6 /* Supporting Files */ = {
			isa = PBXGroup;
			children = (
				F953D8062126D1E0000F72C6 /* SWRevealViewController.h */,
				F953D8052126D1E0000F72C6 /* SWRevealViewController.m */,
				F953D8042126D1DF000F72C6 /* Smack-Bridging-Header.h */,
			);
			path = "Supporting Files";
			sourceTree = "<group>";
		};
		F9871D15212868C700AD3D6A /* Controller */ = {
			isa = PBXGroup;
			children = (
				F9871D18212868F000AD3D6A /* ChatViewController.swift */,
				F9871D1A2128690400AD3D6A /* ChannelViewController.swift */,
				F94D6F3B2128B86C00E6E3AB /* LoginViewController.swift */,
				F94D6F3D2128C59A00E6E3AB /* CreateAccountViewController.swift */,
				F955D4A9212C06C9005B3EC6 /* AvatarPickerVC.swift */,
				F98AEF3D212D6F31003CB529 /* ProfileVC.swift */,
				F98AEF48212DC384003CB529 /* AddChannelVC.swift */,
			);
			path = Controller;
			sourceTree = "<group>";
		};
		F9871D16212868D500AD3D6A /* View */ = {
			isa = PBXGroup;
			children = (
				F9871D1C2128721B00AD3D6A /* GradientView.swift */,
				F916927F212AE705003C9AEE /* RoundedButton.swift */,
				F955D4AB212C1813005B3EC6 /* AvatarCollectionViewCell.swift */,
				F955D4AD212C3871005B3EC6 /* CircleImageView.swift */,
				F98AEF46212DBEA1003CB529 /* ChannelTableViewCell.swift */,
				F94839C5213044D500F6B784 /* KeyboardBoundView.swift */,
				F94839C7213051BB00F6B784 /* MessageTableViewCell.swift */,
			);
			path = View;
			sourceTree = "<group>";
		};
		F9871D17212868DC00AD3D6A /* Model */ = {
			isa = PBXGroup;
			children = (
				F98AEF44212DA508003CB529 /* Channel.swift */,
				F94839C3213033C600F6B784 /* Message.swift */,
			);
			path = Model;
			sourceTree = "<group>";
		};
		F98AEF41212D6F4F003CB529 /* XIBs */ = {
			isa = PBXGroup;
			children = (
				F98AEF3E212D6F31003CB529 /* ProfileVC.xib */,
				F98AEF49212DC384003CB529 /* AddChannelVC.xib */,
			);
			path = XIBs;
			sourceTree = "<group>";
		};
		FCC630A98AF059E09F822399 /* Pods */ = {
			isa = PBXGroup;
			children = (
				A70B4F9554163A00E5EB47CF /* Pods-Smack.debug.xcconfig */,
				A76720AFFF6D025EDB8FC1EB /* Pods-Smack.release.xcconfig */,
			);
			name = Pods;
			sourceTree = "<group>";
		};
/* End PBXGroup section */

/* Begin PBXNativeTarget section */
		F953D7ED2126CD63000F72C6 /* Smack */ = {
			isa = PBXNativeTarget;
			buildConfigurationList = F953D8002126CD65000F72C6 /* Build configuration list for PBXNativeTarget "Smack" */;
			buildPhases = (
				844A0DA672308DF64E75D5AA /* [CP] Check Pods Manifest.lock */,
				F953D7EA2126CD63000F72C6 /* Sources */,
				F953D7EB2126CD63000F72C6 /* Frameworks */,
				F953D7EC2126CD63000F72C6 /* Resources */,
				7D56E18AD43E16D503C77181 /* [CP] Embed Pods Frameworks */,
			);
			buildRules = (
			);
			dependencies = (
			);
			name = Smack;
			productName = Smack;
			productReference = F953D7EE2126CD63000F72C6 /* Smack.app */;
			productType = "com.apple.product-type.application";
		};
/* End PBXNativeTarget section */

/* Begin PBXProject section */
		F953D7E62126CD63000F72C6 /* Project object */ = {
			isa = PBXProject;
			attributes = {
				LastSwiftUpdateCheck = 0940;
				LastUpgradeCheck = 0940;
				ORGANIZATIONNAME = DokeR;
				TargetAttributes = {
					F953D7ED2126CD63000F72C6 = {
						CreatedOnToolsVersion = 9.4.1;
						LastSwiftMigration = 0940;
					};
				};
			};
			buildConfigurationList = F953D7E92126CD63000F72C6 /* Build configuration list for PBXProject "Smack" */;
			compatibilityVersion = "Xcode 9.3";
			developmentRegion = en;
			hasScannedForEncodings = 0;
			knownRegions = (
				en,
				Base,
			);
			mainGroup = F953D7E52126CD63000F72C6;
			productRefGroup = F953D7EF2126CD63000F72C6 /* Products */;
			projectDirPath = "";
			projectRoot = "";
			targets = (
				F953D7ED2126CD63000F72C6 /* Smack */,
			);
		};
/* End PBXProject section */

/* Begin PBXResourcesBuildPhase section */
		F953D7EC2126CD63000F72C6 /* Resources */ = {
			isa = PBXResourcesBuildPhase;
			buildActionMask = 2147483647;
			files = (
				F98AEF4B212DC384003CB529 /* AddChannelVC.xib in Resources */,
				F98AEF40212D6F31003CB529 /* ProfileVC.xib in Resources */,
				F953D7FC2126CD65000F72C6 /* LaunchScreen.storyboard in Resources */,
				F953D7F92126CD65000F72C6 /* Assets.xcassets in Resources */,
				F953D7F72126CD63000F72C6 /* Main.storyboard in Resources */,
			);
			runOnlyForDeploymentPostprocessing = 0;
		};
/* End PBXResourcesBuildPhase section */

/* Begin PBXShellScriptBuildPhase section */
		7D56E18AD43E16D503C77181 /* [CP] Embed Pods Frameworks */ = {
			isa = PBXShellScriptBuildPhase;
			buildActionMask = 2147483647;
			files = (
			);
			inputPaths = (
				"${SRCROOT}/Pods/Target Support Files/Pods-Smack/Pods-Smack-frameworks.sh",
				"${BUILT_PRODUCTS_DIR}/Alamofire/Alamofire.framework",
				"${BUILT_PRODUCTS_DIR}/Socket.IO-Client-Swift/SocketIO.framework",
				"${BUILT_PRODUCTS_DIR}/Starscream/Starscream.framework",
				"${BUILT_PRODUCTS_DIR}/SwiftyJSON/SwiftyJSON.framework",
			);
			name = "[CP] Embed Pods Frameworks";
			outputPaths = (
				"${TARGET_BUILD_DIR}/${FRAMEWORKS_FOLDER_PATH}/Alamofire.framework",
				"${TARGET_BUILD_DIR}/${FRAMEWORKS_FOLDER_PATH}/SocketIO.framework",
				"${TARGET_BUILD_DIR}/${FRAMEWORKS_FOLDER_PATH}/Starscream.framework",
				"${TARGET_BUILD_DIR}/${FRAMEWORKS_FOLDER_PATH}/SwiftyJSON.framework",
			);
			runOnlyForDeploymentPostprocessing = 0;
			shellPath = /bin/sh;
			shellScript = "\"${SRCROOT}/Pods/Target Support Files/Pods-Smack/Pods-Smack-frameworks.sh\"\n";
			showEnvVarsInLog = 0;
		};
		844A0DA672308DF64E75D5AA /* [CP] Check Pods Manifest.lock */ = {
			isa = PBXShellScriptBuildPhase;
			buildActionMask = 2147483647;
			files = (
			);
			inputPaths = (
				"${PODS_PODFILE_DIR_PATH}/Podfile.lock",
				"${PODS_ROOT}/Manifest.lock",
			);
			name = "[CP] Check Pods Manifest.lock";
			outputPaths = (
				"$(DERIVED_FILE_DIR)/Pods-Smack-checkManifestLockResult.txt",
			);
			runOnlyForDeploymentPostprocessing = 0;
			shellPath = /bin/sh;
			shellScript = "diff \"${PODS_PODFILE_DIR_PATH}/Podfile.lock\" \"${PODS_ROOT}/Manifest.lock\" > /dev/null\nif [ $? != 0 ] ; then\n    # print error to STDERR\n    echo \"error: The sandbox is not in sync with the Podfile.lock. Run 'pod install' or update your CocoaPods installation.\" >&2\n    exit 1\nfi\n# This output is used by Xcode 'outputs' to avoid re-running this script phase.\necho \"SUCCESS\" > \"${SCRIPT_OUTPUT_FILE_0}\"\n";
			showEnvVarsInLog = 0;
		};
/* End PBXShellScriptBuildPhase section */

/* Begin PBXSourcesBuildPhase section */
		F953D7EA2126CD63000F72C6 /* Sources */ = {
			isa = PBXSourcesBuildPhase;
			buildActionMask = 2147483647;
			files = (
				F94839C6213044D500F6B784 /* KeyboardBoundView.swift in Sources */,
				F98AEF4D212DCF3A003CB529 /* SocketService.swift in Sources */,
				F98AEF3F212D6F31003CB529 /* ProfileVC.swift in Sources */,
				F94D6F3C2128B86C00E6E3AB /* LoginViewController.swift in Sources */,
				F955D4AA212C06C9005B3EC6 /* AvatarPickerVC.swift in Sources */,
				F955D4AE212C3871005B3EC6 /* CircleImageView.swift in Sources */,
				F98AEF45212DA508003CB529 /* Channel.swift in Sources */,
				F94839C4213033C600F6B784 /* Message.swift in Sources */,
				F98AEF47212DBEA1003CB529 /* ChannelTableViewCell.swift in Sources */,
				F9169280212AE705003C9AEE /* RoundedButton.swift in Sources */,
				F98AEF43212DA361003CB529 /* MessageService.swift in Sources */,
				F953D7F22126CD63000F72C6 /* AppDelegate.swift in Sources */,
				F955D4AC212C1813005B3EC6 /* AvatarCollectionViewCell.swift in Sources */,
				F9169282212B0A7E003C9AEE /* UserDataService.swift in Sources */,
				F9871D19212868F000AD3D6A /* ChatViewController.swift in Sources */,
				F916927E212AD72F003C9AEE /* AuthService.swift in Sources */,
				F98AEF4A212DC384003CB529 /* AddChannelVC.swift in Sources */,
				F9871D1D2128721B00AD3D6A /* GradientView.swift in Sources */,
				F94D6F3E2128C59A00E6E3AB /* CreateAccountViewController.swift in Sources */,
				F94839C8213051BB00F6B784 /* MessageTableViewCell.swift in Sources */,
				F9871D1B2128690400AD3D6A /* ChannelViewController.swift in Sources */,
				F953D8072126D1E0000F72C6 /* SWRevealViewController.m in Sources */,
				F94D6F3A2128B2F900E6E3AB /* Constants.swift in Sources */,
			);
			runOnlyForDeploymentPostprocessing = 0;
		};
/* End PBXSourcesBuildPhase section */

/* Begin PBXVariantGroup section */
		F953D7F52126CD63000F72C6 /* Main.storyboard */ = {
			isa = PBXVariantGroup;
			children = (
				F953D7F62126CD63000F72C6 /* Base */,
			);
			name = Main.storyboard;
			sourceTree = "<group>";
		};
		F953D7FA2126CD65000F72C6 /* LaunchScreen.storyboard */ = {
			isa = PBXVariantGroup;
			children = (
				F953D7FB2126CD65000F72C6 /* Base */,
			);
			name = LaunchScreen.storyboard;
			sourceTree = "<group>";
		};
/* End PBXVariantGroup section */

/* Begin XCBuildConfiguration section */
		F953D7FE2126CD65000F72C6 /* Debug */ = {
			isa = XCBuildConfiguration;
			buildSettings = {
				ALWAYS_SEARCH_USER_PATHS = NO;
				CLANG_ANALYZER_NONNULL = YES;
				CLANG_ANALYZER_NUMBER_OBJECT_CONVERSION = YES_AGGRESSIVE;
				CLANG_CXX_LANGUAGE_STANDARD = "gnu++14";
				CLANG_CXX_LIBRARY = "libc++";
				CLANG_ENABLE_MODULES = YES;
				CLANG_ENABLE_OBJC_ARC = YES;
				CLANG_ENABLE_OBJC_WEAK = YES;
				CLANG_WARN_BLOCK_CAPTURE_AUTORELEASING = YES;
				CLANG_WARN_BOOL_CONVERSION = YES;
				CLANG_WARN_COMMA = YES;
				CLANG_WARN_CONSTANT_CONVERSION = YES;
				CLANG_WARN_DEPRECATED_OBJC_IMPLEMENTATIONS = YES;
				CLANG_WARN_DIRECT_OBJC_ISA_USAGE = YES_ERROR;
				CLANG_WARN_DOCUMENTATION_COMMENTS = YES;
				CLANG_WARN_EMPTY_BODY = YES;
				CLANG_WARN_ENUM_CONVERSION = YES;
				CLANG_WARN_INFINITE_RECURSION = YES;
				CLANG_WARN_INT_CONVERSION = YES;
				CLANG_WARN_NON_LITERAL_NULL_CONVERSION = YES;
				CLANG_WARN_OBJC_IMPLICIT_RETAIN_SELF = YES;
				CLANG_WARN_OBJC_LITERAL_CONVERSION = YES;
				CLANG_WARN_OBJC_ROOT_CLASS = YES_ERROR;
				CLANG_WARN_RANGE_LOOP_ANALYSIS = YES;
				CLANG_WARN_STRICT_PROTOTYPES = YES;
				CLANG_WARN_SUSPICIOUS_MOVE = YES;
				CLANG_WARN_UNGUARDED_AVAILABILITY = YES_AGGRESSIVE;
				CLANG_WARN_UNREACHABLE_CODE = YES;
				CLANG_WARN__DUPLICATE_METHOD_MATCH = YES;
				CODE_SIGN_IDENTITY = "iPhone Developer";
				COPY_PHASE_STRIP = NO;
				DEBUG_INFORMATION_FORMAT = dwarf;
				ENABLE_STRICT_OBJC_MSGSEND = YES;
				ENABLE_TESTABILITY = YES;
				GCC_C_LANGUAGE_STANDARD = gnu11;
				GCC_DYNAMIC_NO_PIC = NO;
				GCC_NO_COMMON_BLOCKS = YES;
				GCC_OPTIMIZATION_LEVEL = 0;
				GCC_PREPROCESSOR_DEFINITIONS = (
					"DEBUG=1",
					"$(inherited)",
				);
				GCC_WARN_64_TO_32_BIT_CONVERSION = YES;
				GCC_WARN_ABOUT_RETURN_TYPE = YES_ERROR;
				GCC_WARN_UNDECLARED_SELECTOR = YES;
				GCC_WARN_UNINITIALIZED_AUTOS = YES_AGGRESSIVE;
				GCC_WARN_UNUSED_FUNCTION = YES;
				GCC_WARN_UNUSED_VARIABLE = YES;
				IPHONEOS_DEPLOYMENT_TARGET = 11.4;
				MTL_ENABLE_DEBUG_INFO = YES;
				ONLY_ACTIVE_ARCH = YES;
				SDKROOT = iphoneos;
				SWIFT_ACTIVE_COMPILATION_CONDITIONS = DEBUG;
				SWIFT_OPTIMIZATION_LEVEL = "-Onone";
			};
			name = Debug;
		};
		F953D7FF2126CD65000F72C6 /* Release */ = {
			isa = XCBuildConfiguration;
			buildSettings = {
				ALWAYS_SEARCH_USER_PATHS = NO;
				CLANG_ANALYZER_NONNULL = YES;
				CLANG_ANALYZER_NUMBER_OBJECT_CONVERSION = YES_AGGRESSIVE;
				CLANG_CXX_LANGUAGE_STANDARD = "gnu++14";
				CLANG_CXX_LIBRARY = "libc++";
				CLANG_ENABLE_MODULES = YES;
				CLANG_ENABLE_OBJC_ARC = YES;
				CLANG_ENABLE_OBJC_WEAK = YES;
				CLANG_WARN_BLOCK_CAPTURE_AUTORELEASING = YES;
				CLANG_WARN_BOOL_CONVERSION = YES;
				CLANG_WARN_COMMA = YES;
				CLANG_WARN_CONSTANT_CONVERSION = YES;
				CLANG_WARN_DEPRECATED_OBJC_IMPLEMENTATIONS = YES;
				CLANG_WARN_DIRECT_OBJC_ISA_USAGE = YES_ERROR;
				CLANG_WARN_DOCUMENTATION_COMMENTS = YES;
				CLANG_WARN_EMPTY_BODY = YES;
				CLANG_WARN_ENUM_CONVERSION = YES;
				CLANG_WARN_INFINITE_RECURSION = YES;
				CLANG_WARN_INT_CONVERSION = YES;
				CLANG_WARN_NON_LITERAL_NULL_CONVERSION = YES;
				CLANG_WARN_OBJC_IMPLICIT_RETAIN_SELF = YES;
				CLANG_WARN_OBJC_LITERAL_CONVERSION = YES;
				CLANG_WARN_OBJC_ROOT_CLASS = YES_ERROR;
				CLANG_WARN_RANGE_LOOP_ANALYSIS = YES;
				CLANG_WARN_STRICT_PROTOTYPES = YES;
				CLANG_WARN_SUSPICIOUS_MOVE = YES;
				CLANG_WARN_UNGUARDED_AVAILABILITY = YES_AGGRESSIVE;
				CLANG_WARN_UNREACHABLE_CODE = YES;
				CLANG_WARN__DUPLICATE_METHOD_MATCH = YES;
				CODE_SIGN_IDENTITY = "iPhone Developer";
				COPY_PHASE_STRIP = NO;
				DEBUG_INFORMATION_FORMAT = "dwarf-with-dsym";
				ENABLE_NS_ASSERTIONS = NO;
				ENABLE_STRICT_OBJC_MSGSEND = YES;
				GCC_C_LANGUAGE_STANDARD = gnu11;
				GCC_NO_COMMON_BLOCKS = YES;
				GCC_WARN_64_TO_32_BIT_CONVERSION = YES;
				GCC_WARN_ABOUT_RETURN_TYPE = YES_ERROR;
				GCC_WARN_UNDECLARED_SELECTOR = YES;
				GCC_WARN_UNINITIALIZED_AUTOS = YES_AGGRESSIVE;
				GCC_WARN_UNUSED_FUNCTION = YES;
				GCC_WARN_UNUSED_VARIABLE = YES;
				IPHONEOS_DEPLOYMENT_TARGET = 11.4;
				MTL_ENABLE_DEBUG_INFO = NO;
				SDKROOT = iphoneos;
				SWIFT_COMPILATION_MODE = wholemodule;
				SWIFT_OPTIMIZATION_LEVEL = "-O";
				VALIDATE_PRODUCT = YES;
			};
			name = Release;
		};
		F953D8012126CD65000F72C6 /* Debug */ = {
			isa = XCBuildConfiguration;
			baseConfigurationReference = A70B4F9554163A00E5EB47CF /* Pods-Smack.debug.xcconfig */;
			buildSettings = {
				ASSETCATALOG_COMPILER_APPICON_NAME = AppIcon;
				CLANG_ENABLE_MODULES = YES;
				CODE_SIGN_STYLE = Automatic;
				DEVELOPMENT_TEAM = 8FW33983MC;
				INFOPLIST_FILE = Smack/Info.plist;
				LD_RUNPATH_SEARCH_PATHS = (
					"$(inherited)",
					"@executable_path/Frameworks",
				);
				PRODUCT_BUNDLE_IDENTIFIER = com.doker.Smack;
				PRODUCT_NAME = "$(TARGET_NAME)";
				SWIFT_OBJC_BRIDGING_HEADER = "Smack/Supporting Files/Smack-Bridging-Header.h";
				SWIFT_OPTIMIZATION_LEVEL = "-Onone";
				SWIFT_VERSION = 4.0;
				TARGETED_DEVICE_FAMILY = "1,2";
			};
			name = Debug;
		};
		F953D8022126CD65000F72C6 /* Release */ = {
			isa = XCBuildConfiguration;
			baseConfigurationReference = A76720AFFF6D025EDB8FC1EB /* Pods-Smack.release.xcconfig */;
			buildSettings = {
				ASSETCATALOG_COMPILER_APPICON_NAME = AppIcon;
				CLANG_ENABLE_MODULES = YES;
				CODE_SIGN_STYLE = Automatic;
				DEVELOPMENT_TEAM = 8FW33983MC;
				INFOPLIST_FILE = Smack/Info.plist;
				LD_RUNPATH_SEARCH_PATHS = (
					"$(inherited)",
					"@executable_path/Frameworks",
				);
				PRODUCT_BUNDLE_IDENTIFIER = com.doker.Smack;
				PRODUCT_NAME = "$(TARGET_NAME)";
				SWIFT_OBJC_BRIDGING_HEADER = "Smack/Supporting Files/Smack-Bridging-Header.h";
				SWIFT_VERSION = 4.0;
				TARGETED_DEVICE_FAMILY = "1,2";
			};
			name = Release;
		};
/* End XCBuildConfiguration section */

/* Begin XCConfigurationList section */
		F953D7E92126CD63000F72C6 /* Build configuration list for PBXProject "Smack" */ = {
			isa = XCConfigurationList;
			buildConfigurations = (
				F953D7FE2126CD65000F72C6 /* Debug */,
				F953D7FF2126CD65000F72C6 /* Release */,
			);
			defaultConfigurationIsVisible = 0;
			defaultConfigurationName = Release;
		};
		F953D8002126CD65000F72C6 /* Build configuration list for PBXNativeTarget "Smack" */ = {
			isa = XCConfigurationList;
			buildConfigurations = (
				F953D8012126CD65000F72C6 /* Debug */,
				F953D8022126CD65000F72C6 /* Release */,
			);
			defaultConfigurationIsVisible = 0;
			defaultConfigurationName = Release;
		};
/* End XCConfigurationList section */
	};
	rootObject = F953D7E62126CD63000F72C6 /* Project object */;
}
